
Microsoft Visual Studio Solution File, Format Version 12.00
# Visual Studio Version 16
VisualStudioVersion = 25.0.1706.11
MinimumVisualStudioVersion = 10.0.40219.1
Project("{FAE04EC0-301F-11D3-BF4B-00C04F79EFBC}") = "MyFirstApp", "MyFirstApp\MyFirstApp.csproj", "{C8DBCF3A-FDE7-410C-AF63-0AD3422378A0}"
EndProject
Global
	GlobalSection(SolutionConfigurationPlatforms) = preSolution
		Debug|Any CPU = Debug|Any CPU
		Release|Any CPU = Release|Any CPU
	EndGlobalSection
	GlobalSection(ProjectConfigurationPlatforms) = postSolution
		{C8DBCF3A-FDE7-410C-AF63-0AD3422378A0}.Debug|Any CPU.ActiveCfg = Debug|Any CPU
		{C8DBCF3A-FDE7-410C-AF63-0AD3422378A0}.Debug|Any CPU.Build.0 = Debug|Any CPU
		{C8DBCF3A-FDE7-410C-AF63-0AD3422378A0}.Release|Any CPU.ActiveCfg = Release|Any CPU
		{C8DBCF3A-FDE7-410C-AF63-0AD3422378A0}.Release|Any CPU.Build.0 = Release|Any CPU
	EndGlobalSection
	GlobalSection(SolutionProperties) = preSolution
		HideSolutionNode = FALSE
	EndGlobalSection
	GlobalSection(ExtensibilityGlobals) = postSolution
		SolutionGuid = {442D548F-F2D2-4C21-A216-72249A40054B}
	EndGlobalSection
EndGlobal
